// !$*UTF8*$!
{
	archiveVersion = 1;
	classes = {
	};
	objectVersion = 46;
	objects = {

/* Begin PBXBuildFile section */
		712A006A21826E980041CEE6 /* SplashViewController.xib in Sources */ = {isa = PBXBuildFile; fileRef = 7170839521825FB2000F38BA /* SplashViewController.xib */; };
		712A007A218274DC0041CEE6 /* FirstViewController_iPad.xib in Resources */ = {isa = PBXBuildFile; fileRef = 712A0076218274DB0041CEE6 /* FirstViewController_iPad.xib */; };
		712A007B218274DC0041CEE6 /* FirstViewController_iPhone.xib in Resources */ = {isa = PBXBuildFile; fileRef = 712A0079218274DC0041CEE6 /* FirstViewController_iPhone.xib */; };
		712A00812182775F0041CEE6 /* SecondViewController_iPad.xib in Resources */ = {isa = PBXBuildFile; fileRef = 712A00802182775E0041CEE6 /* SecondViewController_iPad.xib */; };
		712A008D218279490041CEE6 /* NSData+Base64.m in Sources */ = {isa = PBXBuildFile; fileRef = 712A008B218279480041CEE6 /* NSData+Base64.m */; };
		71325E57218A5A6800F0D6E6 /* main.m in Sources */ = {isa = PBXBuildFile; fileRef = 7170843521826B48000F38BA /* main.m */; };
		71325E5C218A5D0500F0D6E6 /* SimpleImageAppDelegate.m in Sources */ = {isa = PBXBuildFile; fileRef = 717083FE218263D2000F38BA /* SimpleImageAppDelegate.m */; };
		71325E5D218A5D1000F0D6E6 /* GCDQueue.m in Sources */ = {isa = PBXBuildFile; fileRef = 717083A5218261A9000F38BA /* GCDQueue.m */; };
		71325E5E218A5D1200F0D6E6 /* GCDGroup.m in Sources */ = {isa = PBXBuildFile; fileRef = 717083A2218261A8000F38BA /* GCDGroup.m */; };
		71325E5F218A5D1400F0D6E6 /* GCDSemaphore.m in Sources */ = {isa = PBXBuildFile; fileRef = 717083A0218261A6000F38BA /* GCDSemaphore.m */; };
		71325E60218A5D1F00F0D6E6 /* SecondViewController.m in Sources */ = {isa = PBXBuildFile; fileRef = 71708402218263D4000F38BA /* SecondViewController.m */; };
		71325E61218A5D2A00F0D6E6 /* SplashViewController.m in Sources */ = {isa = PBXBuildFile; fileRef = 71708405218263D6000F38BA /* SplashViewController.m */; };
		71325E64218A5F6700F0D6E6 /* Images.xcassets in Resources */ = {isa = PBXBuildFile; fileRef = 71325E63218A5F6700F0D6E6 /* Images.xcassets */; };
		71325E66218A609C00F0D6E6 /* Launch.xib in Resources */ = {isa = PBXBuildFile; fileRef = 71325E65218A609C00F0D6E6 /* Launch.xib */; };
		71325E68218A613200F0D6E6 /* Media.xcassets in Resources */ = {isa = PBXBuildFile; fileRef = 71325E67218A613100F0D6E6 /* Media.xcassets */; };
		71325E6A218A626100F0D6E6 /* giraffe-614141_1280.jpg in Resources */ = {isa = PBXBuildFile; fileRef = 71325E69218A626100F0D6E6 /* giraffe-614141_1280.jpg */; };
		71325E6F218A62CC00F0D6E6 /* Funny-Baby-desktop-Wallpapers.jpg in Resources */ = {isa = PBXBuildFile; fileRef = 71325E6B218A62CA00F0D6E6 /* Funny-Baby-desktop-Wallpapers.jpg */; };
		71325E70218A62CC00F0D6E6 /* Bluetooth-CONNECTED.png in Resources */ = {isa = PBXBuildFile; fileRef = 71325E6C218A62CB00F0D6E6 /* Bluetooth-CONNECTED.png */; };
		71325E71218A62CC00F0D6E6 /* Bluetooth-DISCONNECTED.png in Resources */ = {isa = PBXBuildFile; fileRef = 71325E6D218A62CB00F0D6E6 /* Bluetooth-DISCONNECTED.png */; };
		71325E72218A62CC00F0D6E6 /* Splash.png in Resources */ = {isa = PBXBuildFile; fileRef = 71325E6E218A62CB00F0D6E6 /* Splash.png */; };
		71325E74218A638600F0D6E6 /* tick.aiff in Resources */ = {isa = PBXBuildFile; fileRef = 71325E73218A638600F0D6E6 /* tick.aiff */; };
		7170839321825F2C000F38BA /* FirstViewController.m in Sources */ = {isa = PBXBuildFile; fileRef = 7170839121825F2B000F38BA /* FirstViewController.m */; };
		7170839721825FB3000F38BA /* SplashViewController.xib in Resources */ = {isa = PBXBuildFile; fileRef = 7170839521825FB2000F38BA /* SplashViewController.xib */; };
		7170842A21826572000F38BA /* BTLEManager.m in Sources */ = {isa = PBXBuildFile; fileRef = 7170842721826571000F38BA /* BTLEManager.m */; };
		7170842B21826572000F38BA /* NSData+NSData_Conversion.m in Sources */ = {isa = PBXBuildFile; fileRef = 7170842821826571000F38BA /* NSData+NSData_Conversion.m */; };
		717084302182658E000F38BA /* libMelodySmart.a in Frameworks */ = {isa = PBXBuildFile; fileRef = 7170842F2182658E000F38BA /* libMelodySmart.a */; };
		BCB3C42016BCA7B7003D26B0 /* Icon-72.png in Resources */ = {isa = PBXBuildFile; fileRef = BCB3C41B16BCA7B7003D26B0 /* Icon-72.png */; };
		BCB3C42116BCA7B7003D26B0 /* Icon-72@2x.png in Resources */ = {isa = PBXBuildFile; fileRef = BCB3C41C16BCA7B7003D26B0 /* Icon-72@2x.png */; };
		BCB3C42216BCA7B7003D26B0 /* Icon.png in Resources */ = {isa = PBXBuildFile; fileRef = BCB3C41D16BCA7B7003D26B0 /* Icon.png */; };
		BCB3C42316BCA7B7003D26B0 /* Icon@2x.png in Resources */ = {isa = PBXBuildFile; fileRef = BCB3C41E16BCA7B7003D26B0 /* Icon@2x.png */; };
		BCB3C42416BCA7B7003D26B0 /* iTunesArtwork.png in Resources */ = {isa = PBXBuildFile; fileRef = BCB3C41F16BCA7B7003D26B0 /* iTunesArtwork.png */; };
		BCB5E7ED14E605A900701302 /* UIKit.framework in Frameworks */ = {isa = PBXBuildFile; fileRef = BCB5E7EC14E605A900701302 /* UIKit.framework */; };
		BCB5E7EF14E605A900701302 /* Foundation.framework in Frameworks */ = {isa = PBXBuildFile; fileRef = BCB5E7EE14E605A900701302 /* Foundation.framework */; };
		BCB5E7F114E605A900701302 /* CoreGraphics.framework in Frameworks */ = {isa = PBXBuildFile; fileRef = BCB5E7F014E605A900701302 /* CoreGraphics.framework */; };
		BCB5E80614E605A900701302 /* SimpleImageViewController.m in Sources */ = {isa = PBXBuildFile; fileRef = BCB5E80514E605A900701302 /* SimpleImageViewController.m */; };
		BCB5E82314E62A3C00701302 /* AVFoundation.framework in Frameworks */ = {isa = PBXBuildFile; fileRef = BCB5E81E14E62A3C00701302 /* AVFoundation.framework */; };
		BCB5E82414E62A3C00701302 /* CoreMedia.framework in Frameworks */ = {isa = PBXBuildFile; fileRef = BCB5E81F14E62A3C00701302 /* CoreMedia.framework */; };
		BCB5E82514E62A3C00701302 /* CoreVideo.framework in Frameworks */ = {isa = PBXBuildFile; fileRef = BCB5E82014E62A3C00701302 /* CoreVideo.framework */; settings = {ATTRIBUTES = (Weak, ); }; };
		BCB5E82614E62A3C00701302 /* OpenGLES.framework in Frameworks */ = {isa = PBXBuildFile; fileRef = BCB5E82114E62A3C00701302 /* OpenGLES.framework */; };
		BCB5E82714E62A3C00701302 /* QuartzCore.framework in Frameworks */ = {isa = PBXBuildFile; fileRef = BCB5E82214E62A3C00701302 /* QuartzCore.framework */; };
		BCC9005F18DA278200A5A5C7 /* lookup_amatorka.png in Resources */ = {isa = PBXBuildFile; fileRef = BCC9005E18DA278200A5A5C7 /* lookup_amatorka.png */; };
		BCF8672A1725A6B400912E34 /* libGPUImage.a in Frameworks */ = {isa = PBXBuildFile; fileRef = BCF867251725A69A00912E34 /* libGPUImage.a */; };
		E5066F511855A9F2008C7682 /* Default-568h@2x.png in Resources */ = {isa = PBXBuildFile; fileRef = E5066F501855A9F2008C7682 /* Default-568h@2x.png */; };
/* End PBXBuildFile section */

/* Begin PBXContainerItemProxy section */
		BC3240A619E5DE6C001EAB0E /* PBXContainerItemProxy */ = {
			isa = PBXContainerItemProxy;
			containerPortal = BCB5E80C14E610BE00701302 /* GPUImage.xcodeproj */;
			proxyType = 2;
			remoteGlobalIDString = BCE209E51943F20C002FEED8;
			remoteInfo = GPUImageFramework;
		};
		BCF867241725A69A00912E34 /* PBXContainerItemProxy */ = {
			isa = PBXContainerItemProxy;
			containerPortal = BCB5E80C14E610BE00701302 /* GPUImage.xcodeproj */;
			proxyType = 2;
			remoteGlobalIDString = BCF1A33414DDB1EC00852800;
			remoteInfo = GPUImage;
		};
		BCF867281725A6AD00912E34 /* PBXContainerItemProxy */ = {
			isa = PBXContainerItemProxy;
			containerPortal = BCB5E80C14E610BE00701302 /* GPUImage.xcodeproj */;
			proxyType = 1;
			remoteGlobalIDString = BCF1A33314DDB1EC00852800;
			remoteInfo = GPUImage;
		};
/* End PBXContainerItemProxy section */

/* Begin PBXFileReference section */
		712A0076218274DB0041CEE6 /* FirstViewController_iPad.xib */ = {isa = PBXFileReference; fileEncoding = 4; lastKnownFileType = file.xib; name = FirstViewController_iPad.xib; path = "GroovTube iOS12/FirstViewController_iPad.xib"; sourceTree = SOURCE_ROOT; };
		712A0079218274DC0041CEE6 /* FirstViewController_iPhone.xib */ = {isa = PBXFileReference; fileEncoding = 4; lastKnownFileType = file.xib; name = FirstViewController_iPhone.xib; path = "GroovTube iOS12/FirstViewController_iPhone.xib"; sourceTree = SOURCE_ROOT; };
		712A007C218274F80041CEE6 /* SimpleImageAppDelegate.h */ = {isa = PBXFileReference; lastKnownFileType = sourcecode.c.h; path = SimpleImageAppDelegate.h; sourceTree = "<group>"; };
		712A00802182775E0041CEE6 /* SecondViewController_iPad.xib */ = {isa = PBXFileReference; fileEncoding = 4; lastKnownFileType = file.xib; path = SecondViewController_iPad.xib; sourceTree = "<group>"; };
		712A0082218277860041CEE6 /* FirstViewController.h */ = {isa = PBXFileReference; lastKnownFileType = sourcecode.c.h; path = FirstViewController.h; sourceTree = "<group>"; };
		712A008A218279040041CEE6 /* SimpleImageFilter-Prefix.pch */ = {isa = PBXFileReference; lastKnownFileType = sourcecode.c.h; path = "SimpleImageFilter-Prefix.pch"; sourceTree = "<group>"; };
		712A008B218279480041CEE6 /* NSData+Base64.m */ = {isa = PBXFileReference; fileEncoding = 4; lastKnownFileType = sourcecode.c.objc; path = "NSData+Base64.m"; sourceTree = "<group>"; };
		712A008C218279480041CEE6 /* NSData+NSData_Conversion.h */ = {isa = PBXFileReference; fileEncoding = 4; lastKnownFileType = sourcecode.c.h; path = "NSData+NSData_Conversion.h"; sourceTree = "<group>"; };
		712A008E218279640041CEE6 /* BTLEManager.m */ = {isa = PBXFileReference; fileEncoding = 4; lastKnownFileType = sourcecode.c.objc; path = BTLEManager.m; sourceTree = "<group>"; };
		712A008F218279650041CEE6 /* BTLEManager.h */ = {isa = PBXFileReference; fileEncoding = 4; lastKnownFileType = sourcecode.c.h; path = BTLEManager.h; sourceTree = "<group>"; };
		712A00912182796D0041CEE6 /* MelodyManager.h */ = {isa = PBXFileReference; fileEncoding = 4; lastKnownFileType = sourcecode.c.h; path = MelodyManager.h; sourceTree = "<group>"; };
		712A00922182796E0041CEE6 /* libMelodySmart.a */ = {isa = PBXFileReference; lastKnownFileType = archive.ar; path = libMelodySmart.a; sourceTree = "<group>"; };
		712A00942182796F0041CEE6 /* OtaStructs.h */ = {isa = PBXFileReference; fileEncoding = 4; lastKnownFileType = sourcecode.c.h; path = OtaStructs.h; sourceTree = "<group>"; };
		712A0098218279CD0041CEE6 /* NSData+Base64.h */ = {isa = PBXFileReference; lastKnownFileType = sourcecode.c.h; path = "NSData+Base64.h"; sourceTree = "<group>"; };
		712A009921827AD90041CEE6 /* SimpleImageFilter-Info.plist */ = {isa = PBXFileReference; fileEncoding = 4; lastKnownFileType = text.plist.xml; path = "SimpleImageFilter-Info.plist"; sourceTree = "<group>"; };
		71325E63218A5F6700F0D6E6 /* Images.xcassets */ = {isa = PBXFileReference; lastKnownFileType = folder.assetcatalog; path = Images.xcassets; sourceTree = "<group>"; };
		71325E65218A609C00F0D6E6 /* Launch.xib */ = {isa = PBXFileReference; fileEncoding = 4; lastKnownFileType = file.xib; path = Launch.xib; sourceTree = "<group>"; };
		71325E67218A613100F0D6E6 /* Media.xcassets */ = {isa = PBXFileReference; lastKnownFileType = folder.assetcatalog; path = Media.xcassets; sourceTree = "<group>"; };
		71325E69218A626100F0D6E6 /* giraffe-614141_1280.jpg */ = {isa = PBXFileReference; lastKnownFileType = image.jpeg; path = "giraffe-614141_1280.jpg"; sourceTree = "<group>"; };
		71325E6B218A62CA00F0D6E6 /* Funny-Baby-desktop-Wallpapers.jpg */ = {isa = PBXFileReference; lastKnownFileType = image.jpeg; path = "Funny-Baby-desktop-Wallpapers.jpg"; sourceTree = "<group>"; };
		71325E6C218A62CB00F0D6E6 /* Bluetooth-CONNECTED.png */ = {isa = PBXFileReference; lastKnownFileType = image.png; path = "Bluetooth-CONNECTED.png"; sourceTree = "<group>"; };
		71325E6D218A62CB00F0D6E6 /* Bluetooth-DISCONNECTED.png */ = {isa = PBXFileReference; lastKnownFileType = image.png; path = "Bluetooth-DISCONNECTED.png"; sourceTree = "<group>"; };
		71325E6E218A62CB00F0D6E6 /* Splash.png */ = {isa = PBXFileReference; lastKnownFileType = image.png; path = Splash.png; sourceTree = "<group>"; };
		71325E73218A638600F0D6E6 /* tick.aiff */ = {isa = PBXFileReference; lastKnownFileType = audio.aiff; path = tick.aiff; sourceTree = "<group>"; };
		7170839121825F2B000F38BA /* FirstViewController.m */ = {isa = PBXFileReference; fileEncoding = 4; lastKnownFileType = sourcecode.c.objc; path = FirstViewController.m; sourceTree = "<group>"; };
		7170839521825FB2000F38BA /* SplashViewController.xib */ = {isa = PBXFileReference; fileEncoding = 4; lastKnownFileType = file.xib; path = SplashViewController.xib; sourceTree = "<group>"; };
		7170839F218261A6000F38BA /* GCDObjC.h */ = {isa = PBXFileReference; lastKnownFileType = sourcecode.c.h; name = GCDObjC.h; path = GCDObjC/GCDObjC.h; sourceTree = "<group>"; };
		717083A0218261A6000F38BA /* GCDSemaphore.m */ = {isa = PBXFileReference; lastKnownFileType = sourcecode.c.objc; name = GCDSemaphore.m; path = GCDObjC/GCDSemaphore.m; sourceTree = "<group>"; };
		717083A1218261A7000F38BA /* GCDQueue.h */ = {isa = PBXFileReference; lastKnownFileType = sourcecode.c.h; name = GCDQueue.h; path = GCDObjC/GCDQueue.h; sourceTree = "<group>"; };
		717083A2218261A8000F38BA /* GCDGroup.m */ = {isa = PBXFileReference; lastKnownFileType = sourcecode.c.objc; name = GCDGroup.m; path = GCDObjC/GCDGroup.m; sourceTree = "<group>"; };
		717083A3218261A8000F38BA /* GCDMacros.h */ = {isa = PBXFileReference; lastKnownFileType = sourcecode.c.h; name = GCDMacros.h; path = GCDObjC/GCDMacros.h; sourceTree = "<group>"; };
		717083A4218261A8000F38BA /* GCDGroup.h */ = {isa = PBXFileReference; lastKnownFileType = sourcecode.c.h; name = GCDGroup.h; path = GCDObjC/GCDGroup.h; sourceTree = "<group>"; };
		717083A5218261A9000F38BA /* GCDQueue.m */ = {isa = PBXFileReference; lastKnownFileType = sourcecode.c.objc; name = GCDQueue.m; path = GCDObjC/GCDQueue.m; sourceTree = "<group>"; };
		717083A6218261A9000F38BA /* GCDSemaphore.h */ = {isa = PBXFileReference; lastKnownFileType = sourcecode.c.h; name = GCDSemaphore.h; path = GCDObjC/GCDSemaphore.h; sourceTree = "<group>"; };
		717083B5218261FB000F38BA /* lookup_amatorka.png */ = {isa = PBXFileReference; lastKnownFileType = image.png; name = lookup_amatorka.png; path = ../../../../../Dev/Rocudo/GroovTube/SimpleImageFilter/lookup_amatorka.png; sourceTree = "<group>"; };
		717083BF218261FD000F38BA /* Lambeau.jpg */ = {isa = PBXFileReference; lastKnownFileType = image.jpeg; name = Lambeau.jpg; path = ../../../../../Dev/Rocudo/GroovTube/SimpleImageFilter/Lambeau.jpg; sourceTree = "<group>"; };
		717083C3218261FE000F38BA /* SimpleImageFilter-Info.plist */ = {isa = PBXFileReference; fileEncoding = 4; lastKnownFileType = text.plist.xml; name = "SimpleImageFilter-Info.plist"; path = "../../../../../Dev/Rocudo/GroovTube/SimpleImageFilter/SimpleImageFilter-Info.plist"; sourceTree = "<group>"; };
		717083D121826201000F38BA /* WID-small.jpg */ = {isa = PBXFileReference; lastKnownFileType = image.jpeg; name = "WID-small.jpg"; path = "../../../../../Dev/Rocudo/GroovTube/SimpleImageFilter/WID-small.jpg"; sourceTree = "<group>"; };
		717083D421826202000F38BA /* SimpleImageFilter-Prefix.pch */ = {isa = PBXFileReference; fileEncoding = 4; lastKnownFileType = sourcecode.c.h; name = "SimpleImageFilter-Prefix.pch"; path = "../../../../../Dev/Rocudo/GroovTube/SimpleImageFilter/SimpleImageFilter-Prefix.pch"; sourceTree = "<group>"; };
		717083FE218263D2000F38BA /* SimpleImageAppDelegate.m */ = {isa = PBXFileReference; lastKnownFileType = sourcecode.c.objc; path = SimpleImageAppDelegate.m; sourceTree = "<group>"; };
		71708402218263D4000F38BA /* SecondViewController.m */ = {isa = PBXFileReference; lastKnownFileType = sourcecode.c.objc; name = SecondViewController.m; path = ../../../../../Dev/Rocudo/GroovTube/SimpleImageFilter/SecondViewController.m; sourceTree = "<group>"; };
		71708405218263D6000F38BA /* SplashViewController.m */ = {isa = PBXFileReference; lastKnownFileType = sourcecode.c.objc; name = SplashViewController.m; path = ../../../../../Dev/Rocudo/GroovTube/SimpleImageFilter/SplashViewController.m; sourceTree = "<group>"; };
		71708406218263D7000F38BA /* SplashViewController.h */ = {isa = PBXFileReference; lastKnownFileType = sourcecode.c.h; name = SplashViewController.h; path = ../../../../../Dev/Rocudo/GroovTube/SimpleImageFilter/SplashViewController.h; sourceTree = "<group>"; };
		7170840E218264D5000F38BA /* GroovTubeAppIcon58x58.png */ = {isa = PBXFileReference; lastKnownFileType = image.png; name = GroovTubeAppIcon58x58.png; path = ../../../../../Dev/Rocudo/GroovTube/SimpleImageFilter/GroovTube_ICONS/GroovTubeAppIcon58x58.png; sourceTree = "<group>"; };
		7170840F218264D6000F38BA /* GroovTubeAppIcon50x50.png */ = {isa = PBXFileReference; lastKnownFileType = image.png; name = GroovTubeAppIcon50x50.png; path = ../../../../../Dev/Rocudo/GroovTube/SimpleImageFilter/GroovTube_ICONS/GroovTubeAppIcon50x50.png; sourceTree = "<group>"; };
		71708410218264D6000F38BA /* GroovTubeAppIcon120x120.png */ = {isa = PBXFileReference; lastKnownFileType = image.png; name = GroovTubeAppIcon120x120.png; path = ../../../../../Dev/Rocudo/GroovTube/SimpleImageFilter/GroovTube_ICONS/GroovTubeAppIcon120x120.png; sourceTree = "<group>"; };
		71708411218264D6000F38BA /* GroovTubeAppIcon29x29.png */ = {isa = PBXFileReference; lastKnownFileType = image.png; name = GroovTubeAppIcon29x29.png; path = ../../../../../Dev/Rocudo/GroovTube/SimpleImageFilter/GroovTube_ICONS/GroovTubeAppIcon29x29.png; sourceTree = "<group>"; };
		71708412218264D6000F38BA /* GroovTubeAppIcon40x40.png */ = {isa = PBXFileReference; lastKnownFileType = image.png; name = GroovTubeAppIcon40x40.png; path = ../../../../../Dev/Rocudo/GroovTube/SimpleImageFilter/GroovTube_ICONS/GroovTubeAppIcon40x40.png; sourceTree = "<group>"; };
		71708413218264D6000F38BA /* GroovTubeAppIcon144x144.png */ = {isa = PBXFileReference; lastKnownFileType = image.png; name = GroovTubeAppIcon144x144.png; path = ../../../../../Dev/Rocudo/GroovTube/SimpleImageFilter/GroovTube_ICONS/GroovTubeAppIcon144x144.png; sourceTree = "<group>"; };
		71708414218264D7000F38BA /* GroovTubeAppIcon80x80.png */ = {isa = PBXFileReference; lastKnownFileType = image.png; name = GroovTubeAppIcon80x80.png; path = ../../../../../Dev/Rocudo/GroovTube/SimpleImageFilter/GroovTube_ICONS/GroovTubeAppIcon80x80.png; sourceTree = "<group>"; };
		71708415218264D7000F38BA /* GroovTubeAppIcon100x100.png */ = {isa = PBXFileReference; lastKnownFileType = image.png; name = GroovTubeAppIcon100x100.png; path = ../../../../../Dev/Rocudo/GroovTube/SimpleImageFilter/GroovTube_ICONS/GroovTubeAppIcon100x100.png; sourceTree = "<group>"; };
		71708416218264D7000F38BA /* GroovTubeAppIcon114x114.png */ = {isa = PBXFileReference; lastKnownFileType = image.png; name = GroovTubeAppIcon114x114.png; path = ../../../../../Dev/Rocudo/GroovTube/SimpleImageFilter/GroovTube_ICONS/GroovTubeAppIcon114x114.png; sourceTree = "<group>"; };
		71708417218264D7000F38BA /* GroovTubeAppIcon76x76.png */ = {isa = PBXFileReference; lastKnownFileType = image.png; name = GroovTubeAppIcon76x76.png; path = ../../../../../Dev/Rocudo/GroovTube/SimpleImageFilter/GroovTube_ICONS/GroovTubeAppIcon76x76.png; sourceTree = "<group>"; };
		71708418218264D8000F38BA /* GroovTubeAppIcon152x152.png */ = {isa = PBXFileReference; lastKnownFileType = image.png; name = GroovTubeAppIcon152x152.png; path = ../../../../../Dev/Rocudo/GroovTube/SimpleImageFilter/GroovTube_ICONS/GroovTubeAppIcon152x152.png; sourceTree = "<group>"; };
		71708419218264D8000F38BA /* GroovTubeAppIcon72x72.png */ = {isa = PBXFileReference; lastKnownFileType = image.png; name = GroovTubeAppIcon72x72.png; path = ../../../../../Dev/Rocudo/GroovTube/SimpleImageFilter/GroovTube_ICONS/GroovTubeAppIcon72x72.png; sourceTree = "<group>"; };
		7170842721826571000F38BA /* BTLEManager.m */ = {isa = PBXFileReference; fileEncoding = 4; lastKnownFileType = sourcecode.c.objc; path = BTLEManager.m; sourceTree = "<group>"; };
		7170842821826571000F38BA /* NSData+NSData_Conversion.m */ = {isa = PBXFileReference; fileEncoding = 4; lastKnownFileType = sourcecode.c.objc; path = "NSData+NSData_Conversion.m"; sourceTree = "<group>"; };
		7170842C21826577000F38BA /* MelodyManager.h */ = {isa = PBXFileReference; lastKnownFileType = sourcecode.c.h; path = MelodyManager.h; sourceTree = "<group>"; };
		7170842D21826577000F38BA /* MelodySmart.h */ = {isa = PBXFileReference; lastKnownFileType = sourcecode.c.h; path = MelodySmart.h; sourceTree = "<group>"; };
		7170842E21826578000F38BA /* OtaStructs.h */ = {isa = PBXFileReference; lastKnownFileType = sourcecode.c.h; path = OtaStructs.h; sourceTree = "<group>"; };
		7170842F2182658E000F38BA /* libMelodySmart.a */ = {isa = PBXFileReference; lastKnownFileType = archive.ar; path = libMelodySmart.a; sourceTree = "<group>"; };
		7170843521826B48000F38BA /* main.m */ = {isa = PBXFileReference; lastKnownFileType = sourcecode.c.objc; path = main.m; sourceTree = "<group>"; };
		7170843A21826C10000F38BA /* SecondViewController.h */ = {isa = PBXFileReference; lastKnownFileType = sourcecode.c.h; name = SecondViewController.h; path = ../../../../../../.Trash/SecondViewController.h; sourceTree = "<group>"; };
		BCB3C41B16BCA7B7003D26B0 /* Icon-72.png */ = {isa = PBXFileReference; lastKnownFileType = image.png; name = "Icon-72.png"; path = "../../SharedIcons/Icon-72.png"; sourceTree = "<group>"; };
		BCB3C41C16BCA7B7003D26B0 /* Icon-72@2x.png */ = {isa = PBXFileReference; lastKnownFileType = image.png; name = "Icon-72@2x.png"; path = "../../SharedIcons/Icon-72@2x.png"; sourceTree = "<group>"; };
		BCB3C41D16BCA7B7003D26B0 /* Icon.png */ = {isa = PBXFileReference; lastKnownFileType = image.png; name = Icon.png; path = ../../SharedIcons/Icon.png; sourceTree = "<group>"; };
		BCB3C41E16BCA7B7003D26B0 /* Icon@2x.png */ = {isa = PBXFileReference; lastKnownFileType = image.png; name = "Icon@2x.png"; path = "../../SharedIcons/Icon@2x.png"; sourceTree = "<group>"; };
		BCB3C41F16BCA7B7003D26B0 /* iTunesArtwork.png */ = {isa = PBXFileReference; lastKnownFileType = image.png; name = iTunesArtwork.png; path = ../../SharedIcons/iTunesArtwork.png; sourceTree = "<group>"; };
		BCB5E7E814E605A900701302 /* SimpleImageFilter.app */ = {isa = PBXFileReference; explicitFileType = wrapper.application; includeInIndex = 0; path = SimpleImageFilter.app; sourceTree = BUILT_PRODUCTS_DIR; };
		BCB5E7EC14E605A900701302 /* UIKit.framework */ = {isa = PBXFileReference; lastKnownFileType = wrapper.framework; name = UIKit.framework; path = System/Library/Frameworks/UIKit.framework; sourceTree = SDKROOT; };
		BCB5E7EE14E605A900701302 /* Foundation.framework */ = {isa = PBXFileReference; lastKnownFileType = wrapper.framework; name = Foundation.framework; path = System/Library/Frameworks/Foundation.framework; sourceTree = SDKROOT; };
		BCB5E7F014E605A900701302 /* CoreGraphics.framework */ = {isa = PBXFileReference; lastKnownFileType = wrapper.framework; name = CoreGraphics.framework; path = System/Library/Frameworks/CoreGraphics.framework; sourceTree = SDKROOT; };
		BCB5E7F614E605A900701302 /* en */ = {isa = PBXFileReference; lastKnownFileType = text.plist.strings; name = en; path = en.lproj/InfoPlist.strings; sourceTree = "<group>"; };
		BCB5E80514E605A900701302 /* SimpleImageViewController.m */ = {isa = PBXFileReference; lastKnownFileType = sourcecode.c.objc; path = SimpleImageViewController.m; sourceTree = "<group>"; };
		BCB5E80C14E610BE00701302 /* GPUImage.xcodeproj */ = {isa = PBXFileReference; lastKnownFileType = "wrapper.pb-project"; name = GPUImage.xcodeproj; path = ../../../framework/GPUImage.xcodeproj; sourceTree = "<group>"; };
		BCB5E81E14E62A3C00701302 /* AVFoundation.framework */ = {isa = PBXFileReference; lastKnownFileType = wrapper.framework; name = AVFoundation.framework; path = System/Library/Frameworks/AVFoundation.framework; sourceTree = SDKROOT; };
		BCB5E81F14E62A3C00701302 /* CoreMedia.framework */ = {isa = PBXFileReference; lastKnownFileType = wrapper.framework; name = CoreMedia.framework; path = System/Library/Frameworks/CoreMedia.framework; sourceTree = SDKROOT; };
		BCB5E82014E62A3C00701302 /* CoreVideo.framework */ = {isa = PBXFileReference; lastKnownFileType = wrapper.framework; name = CoreVideo.framework; path = System/Library/Frameworks/CoreVideo.framework; sourceTree = SDKROOT; };
		BCB5E82114E62A3C00701302 /* OpenGLES.framework */ = {isa = PBXFileReference; lastKnownFileType = wrapper.framework; name = OpenGLES.framework; path = System/Library/Frameworks/OpenGLES.framework; sourceTree = SDKROOT; };
		BCB5E82214E62A3C00701302 /* QuartzCore.framework */ = {isa = PBXFileReference; lastKnownFileType = wrapper.framework; name = QuartzCore.framework; path = System/Library/Frameworks/QuartzCore.framework; sourceTree = SDKROOT; };
		BCC9005E18DA278200A5A5C7 /* lookup_amatorka.png */ = {isa = PBXFileReference; lastKnownFileType = image.png; name = lookup_amatorka.png; path = ../../../../framework/Resources/lookup_amatorka.png; sourceTree = "<group>"; };
		E5066F501855A9F2008C7682 /* Default-568h@2x.png */ = {isa = PBXFileReference; lastKnownFileType = image.png; name = "Default-568h@2x.png"; path = "../Default-568h@2x.png"; sourceTree = "<group>"; };
/* End PBXFileReference section */

/* Begin PBXFrameworksBuildPhase section */
		BCB5E7E514E605A900701302 /* Frameworks */ = {
			isa = PBXFrameworksBuildPhase;
			buildActionMask = 2147483647;
			files = (
				BCF8672A1725A6B400912E34 /* libGPUImage.a in Frameworks */,
				BCB5E82314E62A3C00701302 /* AVFoundation.framework in Frameworks */,
				BCB5E82414E62A3C00701302 /* CoreMedia.framework in Frameworks */,
				BCB5E82514E62A3C00701302 /* CoreVideo.framework in Frameworks */,
				BCB5E82614E62A3C00701302 /* OpenGLES.framework in Frameworks */,
				BCB5E82714E62A3C00701302 /* QuartzCore.framework in Frameworks */,
				BCB5E7ED14E605A900701302 /* UIKit.framework in Frameworks */,
				BCB5E7EF14E605A900701302 /* Foundation.framework in Frameworks */,
				BCB5E7F114E605A900701302 /* CoreGraphics.framework in Frameworks */,
				717084302182658E000F38BA /* libMelodySmart.a in Frameworks */,
			);
			runOnlyForDeploymentPostprocessing = 0;
		};
/* End PBXFrameworksBuildPhase section */

/* Begin PBXGroup section */
		71708431218265CB000F38BA /* GCDGroup */ = {
			isa = PBXGroup;
			children = (
				717083A4218261A8000F38BA /* GCDGroup.h */,
				717083A2218261A8000F38BA /* GCDGroup.m */,
				717083A3218261A8000F38BA /* GCDMacros.h */,
				7170839F218261A6000F38BA /* GCDObjC.h */,
				717083A1218261A7000F38BA /* GCDQueue.h */,
				717083A5218261A9000F38BA /* GCDQueue.m */,
				717083A6218261A9000F38BA /* GCDSemaphore.h */,
				717083A0218261A6000F38BA /* GCDSemaphore.m */,
			);
			name = GCDGroup;
			sourceTree = "<group>";
		};
		7170843B21826C1E000F38BA /* BTLEManager */ = {
			isa = PBXGroup;
			children = (
				7170842F2182658E000F38BA /* libMelodySmart.a */,
				712A009921827AD90041CEE6 /* SimpleImageFilter-Info.plist */,
				712A008F218279650041CEE6 /* BTLEManager.h */,
				7170842721826571000F38BA /* BTLEManager.m */,
				712A008B218279480041CEE6 /* NSData+Base64.m */,
				712A008C218279480041CEE6 /* NSData+NSData_Conversion.h */,
				712A008E218279640041CEE6 /* BTLEManager.m */,
				712A00922182796E0041CEE6 /* libMelodySmart.a */,
				7170842C21826577000F38BA /* MelodyManager.h */,
				712A0098218279CD0041CEE6 /* NSData+Base64.h */,
				7170842D21826577000F38BA /* MelodySmart.h */,
				7170842E21826578000F38BA /* OtaStructs.h */,
				712A00912182796D0041CEE6 /* MelodyManager.h */,
				712A00942182796F0041CEE6 /* OtaStructs.h */,
				7170842821826571000F38BA /* NSData+NSData_Conversion.m */,
			);
			name = BTLEManager;
			sourceTree = "<group>";
		};
		BCB5E7DD14E605A900701302 = {
			isa = PBXGroup;
			children = (
				71325E65218A609C00F0D6E6 /* Launch.xib */,
				7170843B21826C1E000F38BA /* BTLEManager */,
				71708431218265CB000F38BA /* GCDGroup */,
				BCB5E7F214E605A900701302 /* SimpleImageFilter */,
				BCB5E7EB14E605A900701302 /* Frameworks */,
				BCB5E7E914E605A900701302 /* Products */,
			);
			sourceTree = "<group>";
		};
		BCB5E7E914E605A900701302 /* Products */ = {
			isa = PBXGroup;
			children = (
				BCB5E7E814E605A900701302 /* SimpleImageFilter.app */,
			);
			name = Products;
			sourceTree = "<group>";
		};
		BCB5E7EB14E605A900701302 /* Frameworks */ = {
			isa = PBXGroup;
			children = (
				BCB5E80C14E610BE00701302 /* GPUImage.xcodeproj */,
				BCB5E81E14E62A3C00701302 /* AVFoundation.framework */,
				BCB5E81F14E62A3C00701302 /* CoreMedia.framework */,
				BCB5E82014E62A3C00701302 /* CoreVideo.framework */,
				BCB5E82114E62A3C00701302 /* OpenGLES.framework */,
				BCB5E82214E62A3C00701302 /* QuartzCore.framework */,
				BCB5E7EC14E605A900701302 /* UIKit.framework */,
				BCB5E7EE14E605A900701302 /* Foundation.framework */,
				BCB5E7F014E605A900701302 /* CoreGraphics.framework */,
			);
			name = Frameworks;
			sourceTree = "<group>";
		};
		BCB5E7F214E605A900701302 /* SimpleImageFilter */ = {
			isa = PBXGroup;
			children = (
				712A0082218277860041CEE6 /* FirstViewController.h */,
				7170839121825F2B000F38BA /* FirstViewController.m */,
				712A0076218274DB0041CEE6 /* FirstViewController_iPad.xib */,
				712A0079218274DC0041CEE6 /* FirstViewController_iPhone.xib */,
				7170843521826B48000F38BA /* main.m */,
				712A007C218274F80041CEE6 /* SimpleImageAppDelegate.h */,
				717083FE218263D2000F38BA /* SimpleImageAppDelegate.m */,
				BCB5E80514E605A900701302 /* SimpleImageViewController.m */,
				7170843A21826C10000F38BA /* SecondViewController.h */,
				71708402218263D4000F38BA /* SecondViewController.m */,
				712A00802182775E0041CEE6 /* SecondViewController_iPad.xib */,
				71708406218263D7000F38BA /* SplashViewController.h */,
				71708405218263D6000F38BA /* SplashViewController.m */,
				7170839521825FB2000F38BA /* SplashViewController.xib */,
				712A008A218279040041CEE6 /* SimpleImageFilter-Prefix.pch */,
				71325E67218A613100F0D6E6 /* Media.xcassets */,
				BCB5E7F314E605A900701302 /* Supporting Files */,
				BCB5E7F514E605A900701302 /* InfoPlist.strings */,
				71325E63218A5F6700F0D6E6 /* Images.xcassets */,
			);
			path = SimpleImageFilter;
			sourceTree = "<group>";
		};
		BCB5E7F314E605A900701302 /* Supporting Files */ = {
			isa = PBXGroup;
			children = (
				71325E6C218A62CB00F0D6E6 /* Bluetooth-CONNECTED.png */,
				71325E73218A638600F0D6E6 /* tick.aiff */,
				71325E6D218A62CB00F0D6E6 /* Bluetooth-DISCONNECTED.png */,
				71325E6B218A62CA00F0D6E6 /* Funny-Baby-desktop-Wallpapers.jpg */,
				71325E6E218A62CB00F0D6E6 /* Splash.png */,
				71325E69218A626100F0D6E6 /* giraffe-614141_1280.jpg */,
				E5066F501855A9F2008C7682 /* Default-568h@2x.png */,
				71708411218264D6000F38BA /* GroovTubeAppIcon29x29.png */,
				71708412218264D6000F38BA /* GroovTubeAppIcon40x40.png */,
				7170840F218264D6000F38BA /* GroovTubeAppIcon50x50.png */,
				7170840E218264D5000F38BA /* GroovTubeAppIcon58x58.png */,
				71708419218264D8000F38BA /* GroovTubeAppIcon72x72.png */,
				71708417218264D7000F38BA /* GroovTubeAppIcon76x76.png */,
				71708414218264D7000F38BA /* GroovTubeAppIcon80x80.png */,
				71708415218264D7000F38BA /* GroovTubeAppIcon100x100.png */,
				71708416218264D7000F38BA /* GroovTubeAppIcon114x114.png */,
				71708413218264D6000F38BA /* GroovTubeAppIcon144x144.png */,
				71708410218264D6000F38BA /* GroovTubeAppIcon120x120.png */,
				71708418218264D8000F38BA /* GroovTubeAppIcon152x152.png */,
				717083BF218261FD000F38BA /* Lambeau.jpg */,
				BCC9005E18DA278200A5A5C7 /* lookup_amatorka.png */,
				BCB3C41B16BCA7B7003D26B0 /* Icon-72.png */,
				717083B5218261FB000F38BA /* lookup_amatorka.png */,
				717083C3218261FE000F38BA /* SimpleImageFilter-Info.plist */,
				717083D421826202000F38BA /* SimpleImageFilter-Prefix.pch */,
				717083D121826201000F38BA /* WID-small.jpg */,
				BCB3C41C16BCA7B7003D26B0 /* Icon-72@2x.png */,
				BCB3C41D16BCA7B7003D26B0 /* Icon.png */,
				BCB3C41E16BCA7B7003D26B0 /* Icon@2x.png */,
				BCB3C41F16BCA7B7003D26B0 /* iTunesArtwork.png */,
			);
			name = "Supporting Files";
			sourceTree = "<group>";
		};
		BCF8671F1725A69A00912E34 /* Products */ = {
			isa = PBXGroup;
			children = (
				BCF867251725A69A00912E34 /* libGPUImage.a */,
				BC3240A719E5DE6C001EAB0E /* GPUImage.framework */,
			);
			name = Products;
			sourceTree = "<group>";
		};
/* End PBXGroup section */

/* Begin PBXNativeTarget section */
		BCB5E7E714E605A900701302 /* SimpleImageFilter */ = {
			isa = PBXNativeTarget;
			buildConfigurationList = BCB5E80914E605A900701302 /* Build configuration list for PBXNativeTarget "SimpleImageFilter" */;
			buildPhases = (
				BCB5E7E414E605A900701302 /* Sources */,
				BCB5E7E514E605A900701302 /* Frameworks */,
				BCB5E7E614E605A900701302 /* Resources */,
			);
			buildRules = (
			);
			dependencies = (
				BCF867291725A6AD00912E34 /* PBXTargetDependency */,
			);
			name = SimpleImageFilter;
			productName = SimpleImageFilter;
			productReference = BCB5E7E814E605A900701302 /* SimpleImageFilter.app */;
			productType = "com.apple.product-type.application";
		};
/* End PBXNativeTarget section */

/* Begin PBXProject section */
		BCB5E7DF14E605A900701302 /* Project object */ = {
			isa = PBXProject;
			attributes = {
				LastUpgradeCheck = 0500;
				ORGANIZATIONNAME = "Cell Phone";
				TargetAttributes = {
					BCB5E7E714E605A900701302 = {
						DevelopmentTeam = 7HMHYHNLFC;
					};
				};
			};
			buildConfigurationList = BCB5E7E214E605A900701302 /* Build configuration list for PBXProject "SimpleImageFilter" */;
			compatibilityVersion = "Xcode 3.2";
			developmentRegion = English;
			hasScannedForEncodings = 0;
			knownRegions = (
				en,
			);
			mainGroup = BCB5E7DD14E605A900701302;
			productRefGroup = BCB5E7E914E605A900701302 /* Products */;
			projectDirPath = "";
			projectReferences = (
				{
					ProductGroup = BCF8671F1725A69A00912E34 /* Products */;
					ProjectRef = BCB5E80C14E610BE00701302 /* GPUImage.xcodeproj */;
				},
			);
			projectRoot = "";
			targets = (
				BCB5E7E714E605A900701302 /* SimpleImageFilter */,
			);
		};
/* End PBXProject section */

/* Begin PBXReferenceProxy section */
		BC3240A719E5DE6C001EAB0E /* GPUImage.framework */ = {
			isa = PBXReferenceProxy;
			fileType = wrapper.framework;
			path = GPUImage.framework;
			remoteRef = BC3240A619E5DE6C001EAB0E /* PBXContainerItemProxy */;
			sourceTree = BUILT_PRODUCTS_DIR;
		};
		BCF867251725A69A00912E34 /* libGPUImage.a */ = {
			isa = PBXReferenceProxy;
			fileType = archive.ar;
			path = libGPUImage.a;
			remoteRef = BCF867241725A69A00912E34 /* PBXContainerItemProxy */;
			sourceTree = BUILT_PRODUCTS_DIR;
		};
/* End PBXReferenceProxy section */

/* Begin PBXResourcesBuildPhase section */
		BCB5E7E614E605A900701302 /* Resources */ = {
			isa = PBXResourcesBuildPhase;
			buildActionMask = 2147483647;
			files = (
				7170839721825FB3000F38BA /* SplashViewController.xib in Resources */,
				712A007A218274DC0041CEE6 /* FirstViewController_iPad.xib in Resources */,
				71325E6A218A626100F0D6E6 /* giraffe-614141_1280.jpg in Resources */,
				71325E70218A62CC00F0D6E6 /* Bluetooth-CONNECTED.png in Resources */,
				71325E68218A613200F0D6E6 /* Media.xcassets in Resources */,
				E5066F511855A9F2008C7682 /* Default-568h@2x.png in Resources */,
				712A00812182775F0041CEE6 /* SecondViewController_iPad.xib in Resources */,
				71325E66218A609C00F0D6E6 /* Launch.xib in Resources */,
				71325E74218A638600F0D6E6 /* tick.aiff in Resources */,
				BCB3C42016BCA7B7003D26B0 /* Icon-72.png in Resources */,
				BCC9005F18DA278200A5A5C7 /* lookup_amatorka.png in Resources */,
				712A007B218274DC0041CEE6 /* FirstViewController_iPhone.xib in Resources */,
				71325E71218A62CC00F0D6E6 /* Bluetooth-DISCONNECTED.png in Resources */,
				BCB3C42116BCA7B7003D26B0 /* Icon-72@2x.png in Resources */,
				BCB3C42216BCA7B7003D26B0 /* Icon.png in Resources */,
				71325E64218A5F6700F0D6E6 /* Images.xcassets in Resources */,
				BCB3C42316BCA7B7003D26B0 /* Icon@2x.png in Resources */,
				71325E72218A62CC00F0D6E6 /* Splash.png in Resources */,
				71325E6F218A62CC00F0D6E6 /* Funny-Baby-desktop-Wallpapers.jpg in Resources */,
				BCB3C42416BCA7B7003D26B0 /* iTunesArtwork.png in Resources */,
			);
			runOnlyForDeploymentPostprocessing = 0;
		};
/* End PBXResourcesBuildPhase section */

/* Begin PBXSourcesBuildPhase section */
		BCB5E7E414E605A900701302 /* Sources */ = {
			isa = PBXSourcesBuildPhase;
			buildActionMask = 2147483647;
			files = (
				712A006A21826E980041CEE6 /* SplashViewController.xib in Sources */,
				71325E60218A5D1F00F0D6E6 /* SecondViewController.m in Sources */,
				7170839321825F2C000F38BA /* FirstViewController.m in Sources */,
				BCB5E80614E605A900701302 /* SimpleImageViewController.m in Sources */,
				71325E5E218A5D1200F0D6E6 /* GCDGroup.m in Sources */,
				71325E5D218A5D1000F0D6E6 /* GCDQueue.m in Sources */,
				71325E5F218A5D1400F0D6E6 /* GCDSemaphore.m in Sources */,
				71325E5C218A5D0500F0D6E6 /* SimpleImageAppDelegate.m in Sources */,
				71325E61218A5D2A00F0D6E6 /* SplashViewController.m in Sources */,
				71325E57218A5A6800F0D6E6 /* main.m in Sources */,
				7170842A21826572000F38BA /* BTLEManager.m in Sources */,
				7170842B21826572000F38BA /* NSData+NSData_Conversion.m in Sources */,
				712A008D218279490041CEE6 /* NSData+Base64.m in Sources */,
			);
			runOnlyForDeploymentPostprocessing = 0;
		};
/* End PBXSourcesBuildPhase section */

/* Begin PBXTargetDependency section */
		BCF867291725A6AD00912E34 /* PBXTargetDependency */ = {
			isa = PBXTargetDependency;
			name = GPUImage;
			targetProxy = BCF867281725A6AD00912E34 /* PBXContainerItemProxy */;
		};
/* End PBXTargetDependency section */

/* Begin PBXVariantGroup section */
		BCB5E7F514E605A900701302 /* InfoPlist.strings */ = {
			isa = PBXVariantGroup;
			children = (
				BCB5E7F614E605A900701302 /* en */,
			);
			name = InfoPlist.strings;
			sourceTree = "<group>";
		};
/* End PBXVariantGroup section */

/* Begin XCBuildConfiguration section */
		BCB5E80714E605A900701302 /* Debug */ = {
			isa = XCBuildConfiguration;
			buildSettings = {
				ALWAYS_SEARCH_USER_PATHS = NO;
				CLANG_ENABLE_OBJC_ARC = YES;
				CLANG_WARN_BOOL_CONVERSION = YES;
				CLANG_WARN_CONSTANT_CONVERSION = YES;
				CLANG_WARN_EMPTY_BODY = YES;
				CLANG_WARN_ENUM_CONVERSION = YES;
				CLANG_WARN_INT_CONVERSION = YES;
				CLANG_WARN__DUPLICATE_METHOD_MATCH = YES;
				"CODE_SIGN_IDENTITY[sdk=iphoneos*]" = "iPhone Developer";
				COPY_PHASE_STRIP = NO;
				GCC_C_LANGUAGE_STANDARD = gnu99;
				GCC_DYNAMIC_NO_PIC = NO;
				GCC_OPTIMIZATION_LEVEL = 0;
				GCC_PREPROCESSOR_DEFINITIONS = (
					"DEBUG=1",
					"$(inherited)",
				);
				GCC_SYMBOLS_PRIVATE_EXTERN = NO;
				GCC_VERSION = com.apple.compilers.llvm.clang.1_0;
				GCC_WARN_64_TO_32_BIT_CONVERSION = YES;
				GCC_WARN_ABOUT_MISSING_PROTOTYPES = YES;
				GCC_WARN_ABOUT_RETURN_TYPE = YES;
				GCC_WARN_UNDECLARED_SELECTOR = YES;
				GCC_WARN_UNINITIALIZED_AUTOS = YES;
				GCC_WARN_UNUSED_FUNCTION = YES;
				GCC_WARN_UNUSED_VARIABLE = YES;
				HEADER_SEARCH_PATHS = "../../../framework/**";
				IPHONEOS_DEPLOYMENT_TARGET = 4.3;
				ONLY_ACTIVE_ARCH = YES;
				OTHER_LDFLAGS = "-ObjC";
				SDKROOT = iphoneos;
				TARGETED_DEVICE_FAMILY = "1,2";
			};
			name = Debug;
		};
		BCB5E80814E605A900701302 /* Release */ = {
			isa = XCBuildConfiguration;
			buildSettings = {
				ALWAYS_SEARCH_USER_PATHS = NO;
				CLANG_ENABLE_OBJC_ARC = YES;
				CLANG_WARN_BOOL_CONVERSION = YES;
				CLANG_WARN_CONSTANT_CONVERSION = YES;
				CLANG_WARN_EMPTY_BODY = YES;
				CLANG_WARN_ENUM_CONVERSION = YES;
				CLANG_WARN_INT_CONVERSION = YES;
				CLANG_WARN__DUPLICATE_METHOD_MATCH = YES;
				"CODE_SIGN_IDENTITY[sdk=iphoneos*]" = "iPhone Developer";
				COPY_PHASE_STRIP = YES;
				GCC_C_LANGUAGE_STANDARD = gnu99;
				GCC_VERSION = com.apple.compilers.llvm.clang.1_0;
				GCC_WARN_64_TO_32_BIT_CONVERSION = YES;
				GCC_WARN_ABOUT_MISSING_PROTOTYPES = YES;
				GCC_WARN_ABOUT_RETURN_TYPE = YES;
				GCC_WARN_UNDECLARED_SELECTOR = YES;
				GCC_WARN_UNINITIALIZED_AUTOS = YES;
				GCC_WARN_UNUSED_FUNCTION = YES;
				GCC_WARN_UNUSED_VARIABLE = YES;
				HEADER_SEARCH_PATHS = "../../../framework/**";
				IPHONEOS_DEPLOYMENT_TARGET = 4.3;
				OTHER_CFLAGS = "-DNS_BLOCK_ASSERTIONS=1";
				OTHER_LDFLAGS = "-ObjC";
				SDKROOT = iphoneos;
				TARGETED_DEVICE_FAMILY = "1,2";
				VALIDATE_PRODUCT = YES;
			};
			name = Release;
		};
		BCB5E80A14E605A900701302 /* Debug */ = {
			isa = XCBuildConfiguration;
			buildSettings = {
				ASSETCATALOG_COMPILER_APPICON_NAME = AppIcon;
				ASSETCATALOG_COMPILER_LAUNCHIMAGE_NAME = BrandAsset;
				DEVELOPMENT_TEAM = 7HMHYHNLFC;
				ENABLE_BITCODE = NO;
				GCC_PRECOMPILE_PREFIX_HEADER = YES;
				GCC_PREFIX_HEADER = "SimpleImageFilter/SimpleImageFilter-Prefix.pch";
				INFOPLIST_FILE = "$(SRCROOT)/SimpleImageFilter-Info.plist";
				IPHONEOS_DEPLOYMENT_TARGET = 10.0;
				LIBRARY_SEARCH_PATHS = (
					"$(inherited)",
					"$(PROJECT_DIR)",
				);
				PRODUCT_BUNDLE_IDENTIFIER = com.audiorhoon.groovtube;
				PRODUCT_NAME = "$(TARGET_NAME)";
				TARGETED_DEVICE_FAMILY = 2;
				WRAPPER_EXTENSION = app;
			};
			name = Debug;
		};
		BCB5E80B14E605A900701302 /* Release */ = {
			isa = XCBuildConfiguration;
			buildSettings = {
				ASSETCATALOG_COMPILER_APPICON_NAME = AppIcon;
				ASSETCATALOG_COMPILER_LAUNCHIMAGE_NAME = BrandAsset;
				DEVELOPMENT_TEAM = 7HMHYHNLFC;
				ENABLE_BITCODE = NO;
				GCC_PRECOMPILE_PREFIX_HEADER = YES;
				GCC_PREFIX_HEADER = "SimpleImageFilter/SimpleImageFilter-Prefix.pch";
				INFOPLIST_FILE = "$(SRCROOT)/SimpleImageFilter-Info.plist";
				IPHONEOS_DEPLOYMENT_TARGET = 10.0;
				LIBRARY_SEARCH_PATHS = (
					"$(inherited)",
					"$(PROJECT_DIR)",
				);
				PRODUCT_BUNDLE_IDENTIFIER = com.audiorhoon.groovtube;
				PRODUCT_NAME = "$(TARGET_NAME)";
				TARGETED_DEVICE_FAMILY = 2;
				WRAPPER_EXTENSION = app;
			};
			name = Release;
		};
/* End XCBuildConfiguration section */

/* Begin XCConfigurationList section */
		BCB5E7E214E605A900701302 /* Build configuration list for PBXProject "SimpleImageFilter" */ = {
			isa = XCConfigurationList;
			buildConfigurations = (
				BCB5E80714E605A900701302 /* Debug */,
				BCB5E80814E605A900701302 /* Release */,
			);
			defaultConfigurationIsVisible = 0;
			defaultConfigurationName = Release;
		};
		BCB5E80914E605A900701302 /* Build configuration list for PBXNativeTarget "SimpleImageFilter" */ = {
			isa = XCConfigurationList;
			buildConfigurations = (
				BCB5E80A14E605A900701302 /* Debug */,
				BCB5E80B14E605A900701302 /* Release */,
			);
			defaultConfigurationIsVisible = 0;
			defaultConfigurationName = Release;
		};
/* End XCConfigurationList section */
	};
	rootObject = BCB5E7DF14E605A900701302 /* Project object */;
}
